PODS:
  - PushdySDK (0.5.7)

DEPENDENCIES:
  - PushdySDK (from `../PushdySDK.podspec`)

EXTERNAL SOURCES:
  PushdySDK:
    :path: "../PushdySDK.podspec"

SPEC CHECKSUMS:
  PushdySDK: 849f9df15106677fc88fd3c748fcdf28f7ee8c52

PODFILE CHECKSUM: 0a843d5d3cd724b5047e42188aace9fbc319ef45

COCOAPODS: 1.12.1
