PODS:
  - PushdySDK (0.5.0)

DEPENDENCIES:
  - PushdySDK (from `../PushdySDK.podspec`)

EXTERNAL SOURCES:
  PushdySDK:
    :path: "../PushdySDK.podspec"

SPEC CHECKSUMS:
  PushdySDK: 7e7513588a56e4883fa4d94d20c1977ca3746f89

PODFILE CHECKSUM: 0a843d5d3cd724b5047e42188aace9fbc319ef45

COCOAPODS: 1.12.1
