PODS:
  - PushdySDK (0.0.3)

DEPENDENCIES:
  - PushdySDK (from `../PushdySDK.podspec`)

EXTERNAL SOURCES:
  PushdySDK:
    :path: "../PushdySDK.podspec"

SPEC CHECKSUMS:
  PushdySDK: e180e7ac3e02dde2a9a76c6030c7ab4a8db251c3

PODFILE CHECKSUM: 0a843d5d3cd724b5047e42188aace9fbc319ef45

COCOAPODS: 1.7.2
